// !$*UTF8*$!
{
	archiveVersion = 1;
	classes = {
	};
	objectVersion = 46;
	objects = {

/* Begin PBXBuildFile section */
		8B1C98B31B49EFFE00965D3C /* AppDelegate.swift in Sources */ = {isa = PBXBuildFile; fileRef = 8B1C98B21B49EFFE00965D3C /* AppDelegate.swift */; };
		8B1C98B61B49EFFE00965D3C /* RSS.xcdatamodeld in Sources */ = {isa = PBXBuildFile; fileRef = 8B1C98B41B49EFFE00965D3C /* RSS.xcdatamodeld */; };
		8B1C98B81B49EFFE00965D3C /* ViewController.swift in Sources */ = {isa = PBXBuildFile; fileRef = 8B1C98B71B49EFFE00965D3C /* ViewController.swift */; };
		8B1C98BB1B49EFFF00965D3C /* Main.storyboard in Resources */ = {isa = PBXBuildFile; fileRef = 8B1C98B91B49EFFF00965D3C /* Main.storyboard */; };
		8B1C98BD1B49EFFF00965D3C /* Images.xcassets in Resources */ = {isa = PBXBuildFile; fileRef = 8B1C98BC1B49EFFF00965D3C /* Images.xcassets */; };
		8B1C98C01B49EFFF00965D3C /* LaunchScreen.xib in Resources */ = {isa = PBXBuildFile; fileRef = 8B1C98BE1B49EFFF00965D3C /* LaunchScreen.xib */; };
		8B1C98CC1B49F00000965D3C /* RSSTests.swift in Sources */ = {isa = PBXBuildFile; fileRef = 8B1C98CB1B49F00000965D3C /* RSSTests.swift */; };
/* End PBXBuildFile section */

/* Begin PBXContainerItemProxy section */
		8B1C98C61B49F00000965D3C /* PBXContainerItemProxy */ = {
			isa = PBXContainerItemProxy;
			containerPortal = 8B1C98A51B49EFFE00965D3C /* Project object */;
			proxyType = 1;
			remoteGlobalIDString = 8B1C98AC1B49EFFE00965D3C;
			remoteInfo = RSS;
		};
/* End PBXContainerItemProxy section */

/* Begin PBXFileReference section */
		8B1C98AD1B49EFFE00965D3C /* RSS.app */ = {isa = PBXFileReference; explicitFileType = wrapper.application; includeInIndex = 0; path = RSS.app; sourceTree = BUILT_PRODUCTS_DIR; };
		8B1C98B11B49EFFE00965D3C /* Info.plist */ = {isa = PBXFileReference; lastKnownFileType = text.plist.xml; path = Info.plist; sourceTree = "<group>"; };
		8B1C98B21B49EFFE00965D3C /* AppDelegate.swift */ = {isa = PBXFileReference; lastKnownFileType = sourcecode.swift; path = AppDelegate.swift; sourceTree = "<group>"; };
		8B1C98B51B49EFFE00965D3C /* RSS.xcdatamodel */ = {isa = PBXFileReference; lastKnownFileType = wrapper.xcdatamodel; path = RSS.xcdatamodel; sourceTree = "<group>"; };
		8B1C98B71B49EFFE00965D3C /* ViewController.swift */ = {isa = PBXFileReference; lastKnownFileType = sourcecode.swift; path = ViewController.swift; sourceTree = "<group>"; };
		8B1C98BA1B49EFFF00965D3C /* Base */ = {isa = PBXFileReference; lastKnownFileType = file.storyboard; name = Base; path = Base.lproj/Main.storyboard; sourceTree = "<group>"; };
		8B1C98BC1B49EFFF00965D3C /* Images.xcassets */ = {isa = PBXFileReference; lastKnownFileType = folder.assetcatalog; path = Images.xcassets; sourceTree = "<group>"; };
		8B1C98BF1B49EFFF00965D3C /* Base */ = {isa = PBXFileReference; lastKnownFileType = file.xib; name = Base; path = Base.lproj/LaunchScreen.xib; sourceTree = "<group>"; };
		8B1C98C51B49F00000965D3C /* RSSTests.xctest */ = {isa = PBXFileReference; explicitFileType = wrapper.cfbundle; includeInIndex = 0; path = RSSTests.xctest; sourceTree = BUILT_PRODUCTS_DIR; };
		8B1C98CA1B49F00000965D3C /* Info.plist */ = {isa = PBXFileReference; lastKnownFileType = text.plist.xml; path = Info.plist; sourceTree = "<group>"; };
		8B1C98CB1B49F00000965D3C /* RSSTests.swift */ = {isa = PBXFileReference; lastKnownFileType = sourcecode.swift; path = RSSTests.swift; sourceTree = "<group>"; };
/* End PBXFileReference section */

/* Begin PBXFrameworksBuildPhase section */
		8B1C98AA1B49EFFE00965D3C /* Frameworks */ = {
			isa = PBXFrameworksBuildPhase;
			buildActionMask = 2147483647;
			files = (
			);
			runOnlyForDeploymentPostprocessing = 0;
		};
		8B1C98C21B49F00000965D3C /* Frameworks */ = {
			isa = PBXFrameworksBuildPhase;
			buildActionMask = 2147483647;
			files = (
			);
			runOnlyForDeploymentPostprocessing = 0;
		};
/* End PBXFrameworksBuildPhase section */

/* Begin PBXGroup section */
		8B1C98A41B49EFFD00965D3C = {
			isa = PBXGroup;
			children = (
				8B1C98AF1B49EFFE00965D3C /* RSS */,
				8B1C98C81B49F00000965D3C /* RSSTests */,
				8B1C98AE1B49EFFE00965D3C /* Products */,
			);
			sourceTree = "<group>";
		};
		8B1C98AE1B49EFFE00965D3C /* Products */ = {
			isa = PBXGroup;
			children = (
				8B1C98AD1B49EFFE00965D3C /* RSS.app */,
				8B1C98C51B49F00000965D3C /* RSSTests.xctest */,
			);
			name = Products;
			sourceTree = "<group>";
		};
		8B1C98AF1B49EFFE00965D3C /* RSS */ = {
			isa = PBXGroup;
			children = (
				8B1C98B21B49EFFE00965D3C /* AppDelegate.swift */,
				8B1C98B71B49EFFE00965D3C /* ViewController.swift */,
				8B1C98B91B49EFFF00965D3C /* Main.storyboard */,
				8B1C98BC1B49EFFF00965D3C /* Images.xcassets */,
				8B1C98BE1B49EFFF00965D3C /* LaunchScreen.xib */,
				8B1C98B41B49EFFE00965D3C /* RSS.xcdatamodeld */,
				8B1C98B01B49EFFE00965D3C /* Supporting Files */,
			);
			path = RSS;
			sourceTree = "<group>";
		};
		8B1C98B01B49EFFE00965D3C /* Supporting Files */ = {
			isa = PBXGroup;
			children = (
				8B1C98B11B49EFFE00965D3C /* Info.plist */,
			);
			name = "Supporting Files";
			sourceTree = "<group>";
		};
		8B1C98C81B49F00000965D3C /* RSSTests */ = {
			isa = PBXGroup;
			children = (
				8B1C98CB1B49F00000965D3C /* RSSTests.swift */,
				8B1C98C91B49F00000965D3C /* Supporting Files */,
			);
			path = RSSTests;
			sourceTree = "<group>";
		};
		8B1C98C91B49F00000965D3C /* Supporting Files */ = {
			isa = PBXGroup;
			children = (
				8B1C98CA1B49F00000965D3C /* Info.plist */,
			);
			name = "Supporting Files";
			sourceTree = "<group>";
		};
/* End PBXGroup section */

/* Begin PBXNativeTarget section */
		8B1C98AC1B49EFFE00965D3C /* RSS */ = {
			isa = PBXNativeTarget;
			buildConfigurationList = 8B1C98CF1B49F00000965D3C /* Build configuration list for PBXNativeTarget "RSS" */;
			buildPhases = (
				8B1C98A91B49EFFE00965D3C /* Sources */,
				8B1C98AA1B49EFFE00965D3C /* Frameworks */,
				8B1C98AB1B49EFFE00965D3C /* Resources */,
			);
			buildRules = (
			);
			dependencies = (
			);
			name = RSS;
			productName = RSS;
			productReference = 8B1C98AD1B49EFFE00965D3C /* RSS.app */;
			productType = "com.apple.product-type.application";
		};
		8B1C98C41B49F00000965D3C /* RSSTests */ = {
			isa = PBXNativeTarget;
			buildConfigurationList = 8B1C98D21B49F00000965D3C /* Build configuration list for PBXNativeTarget "RSSTests" */;
			buildPhases = (
				8B1C98C11B49F00000965D3C /* Sources */,
				8B1C98C21B49F00000965D3C /* Frameworks */,
				8B1C98C31B49F00000965D3C /* Resources */,
			);
			buildRules = (
			);
			dependencies = (
				8B1C98C71B49F00000965D3C /* PBXTargetDependency */,
			);
			name = RSSTests;
			productName = RSSTests;
			productReference = 8B1C98C51B49F00000965D3C /* RSSTests.xctest */;
			productType = "com.apple.product-type.bundle.unit-test";
		};
/* End PBXNativeTarget section */

/* Begin PBXProject section */
		8B1C98A51B49EFFE00965D3C /* Project object */ = {
			isa = PBXProject;
			attributes = {
				LastUpgradeCheck = 0640;
				ORGANIZATIONNAME = "panther-polaris";
				TargetAttributes = {
					8B1C98AC1B49EFFE00965D3C = {
						CreatedOnToolsVersion = 6.3.2;
					};
					8B1C98C41B49F00000965D3C = {
						CreatedOnToolsVersion = 6.3.2;
						TestTargetID = 8B1C98AC1B49EFFE00965D3C;
					};
				};
			};
			buildConfigurationList = 8B1C98A81B49EFFE00965D3C /* Build configuration list for PBXProject "RSS" */;
			compatibilityVersion = "Xcode 3.2";
			developmentRegion = English;
			hasScannedForEncodings = 0;
			knownRegions = (
				en,
				Base,
			);
			mainGroup = 8B1C98A41B49EFFD00965D3C;
			productRefGroup = 8B1C98AE1B49EFFE00965D3C /* Products */;
			projectDirPath = "";
			projectRoot = "";
			targets = (
				8B1C98AC1B49EFFE00965D3C /* RSS */,
				8B1C98C41B49F00000965D3C /* RSSTests */,
			);
		};
/* End PBXProject section */

/* Begin PBXResourcesBuildPhase section */
		8B1C98AB1B49EFFE00965D3C /* Resources */ = {
			isa = PBXResourcesBuildPhase;
			buildActionMask = 2147483647;
			files = (
				8B1C98BB1B49EFFF00965D3C /* Main.storyboard in Resources */,
				8B1C98C01B49EFFF00965D3C /* LaunchScreen.xib in Resources */,
				8B1C98BD1B49EFFF00965D3C /* Images.xcassets in Resources */,
			);
			runOnlyForDeploymentPostprocessing = 0;
		};
		8B1C98C31B49F00000965D3C /* Resources */ = {
			isa = PBXResourcesBuildPhase;
			buildActionMask = 2147483647;
			files = (
			);
			runOnlyForDeploymentPostprocessing = 0;
		};
/* End PBXResourcesBuildPhase section */

/* Begin PBXSourcesBuildPhase section */
		8B1C98A91B49EFFE00965D3C /* Sources */ = {
			isa = PBXSourcesBuildPhase;
			buildActionMask = 2147483647;
			files = (
				8B1C98B81B49EFFE00965D3C /* ViewController.swift in Sources */,
				8B1C98B61B49EFFE00965D3C /* RSS.xcdatamodeld in Sources */,
				8B1C98B31B49EFFE00965D3C /* AppDelegate.swift in Sources */,
			);
			runOnlyForDeploymentPostprocessing = 0;
		};
		8B1C98C11B49F00000965D3C /* Sources */ = {
			isa = PBXSourcesBuildPhase;
			buildActionMask = 2147483647;
			files = (
				8B1C98CC1B49F00000965D3C /* RSSTests.swift in Sources */,
			);
			runOnlyForDeploymentPostprocessing = 0;
		};
/* End PBXSourcesBuildPhase section */

/* Begin PBXTargetDependency section */
		8B1C98C71B49F00000965D3C /* PBXTargetDependency */ = {
			isa = PBXTargetDependency;
			target = 8B1C98AC1B49EFFE00965D3C /* RSS */;
			targetProxy = 8B1C98C61B49F00000965D3C /* PBXContainerItemProxy */;
		};
/* End PBXTargetDependency section */

/* Begin PBXVariantGroup section */
		8B1C98B91B49EFFF00965D3C /* Main.storyboard */ = {
			isa = PBXVariantGroup;
			children = (
				8B1C98BA1B49EFFF00965D3C /* Base */,
			);
			name = Main.storyboard;
			sourceTree = "<group>";
		};
		8B1C98BE1B49EFFF00965D3C /* LaunchScreen.xib */ = {
			isa = PBXVariantGroup;
			children = (
				8B1C98BF1B49EFFF00965D3C /* Base */,
			);
			name = LaunchScreen.xib;
			sourceTree = "<group>";
		};
/* End PBXVariantGroup section */

/* Begin XCBuildConfiguration section */
		8B1C98CD1B49F00000965D3C /* Debug */ = {
			isa = XCBuildConfiguration;
			buildSettings = {
				ALWAYS_SEARCH_USER_PATHS = NO;
				CLANG_CXX_LANGUAGE_STANDARD = "gnu++0x";
				CLANG_CXX_LIBRARY = "libc++";
				CLANG_ENABLE_MODULES = YES;
				CLANG_ENABLE_OBJC_ARC = YES;
				CLANG_WARN_BOOL_CONVERSION = YES;
				CLANG_WARN_CONSTANT_CONVERSION = YES;
				CLANG_WARN_DIRECT_OBJC_ISA_USAGE = YES_ERROR;
				CLANG_WARN_EMPTY_BODY = YES;
				CLANG_WARN_ENUM_CONVERSION = YES;
				CLANG_WARN_INT_CONVERSION = YES;
				CLANG_WARN_OBJC_ROOT_CLASS = YES_ERROR;
				CLANG_WARN_UNREACHABLE_CODE = YES;
				CLANG_WARN__DUPLICATE_METHOD_MATCH = YES;
				"CODE_SIGN_IDENTITY[sdk=iphoneos*]" = "iPhone Developer";
				COPY_PHASE_STRIP = NO;
				DEBUG_INFORMATION_FORMAT = "dwarf-with-dsym";
				ENABLE_STRICT_OBJC_MSGSEND = YES;
				GCC_C_LANGUAGE_STANDARD = gnu99;
				GCC_DYNAMIC_NO_PIC = NO;
				GCC_NO_COMMON_BLOCKS = YES;
				GCC_OPTIMIZATION_LEVEL = 0;
				GCC_PREPROCESSOR_DEFINITIONS = (
					"DEBUG=1",
					"$(inherited)",
				);
				GCC_SYMBOLS_PRIVATE_EXTERN = NO;
				GCC_WARN_64_TO_32_BIT_CONVERSION = YES;
				GCC_WARN_ABOUT_RETURN_TYPE = YES_ERROR;
				GCC_WARN_UNDECLARED_SELECTOR = YES;
				GCC_WARN_UNINITIALIZED_AUTOS = YES_AGGRESSIVE;
				GCC_WARN_UNUSED_FUNCTION = YES;
				GCC_WARN_UNUSED_VARIABLE = YES;
				IPHONEOS_DEPLOYMENT_TARGET = 8.3;
				MTL_ENABLE_DEBUG_INFO = YES;
				ONLY_ACTIVE_ARCH = YES;
				SDKROOT = iphoneos;
				SWIFT_OPTIMIZATION_LEVEL = "-Onone";
			};
			name = Debug;
		};
		8B1C98CE1B49F00000965D3C /* Release */ = {
			isa = XCBuildConfiguration;
			buildSettings = {
				ALWAYS_SEARCH_USER_PATHS = NO;
				CLANG_CXX_LANGUAGE_STANDARD = "gnu++0x";
				CLANG_CXX_LIBRARY = "libc++";
				CLANG_ENABLE_MODULES = YES;
				CLANG_ENABLE_OBJC_ARC = YES;
				CLANG_WARN_BOOL_CONVERSION = YES;
				CLANG_WARN_CONSTANT_CONVERSION = YES;
				CLANG_WARN_DIRECT_OBJC_ISA_USAGE = YES_ERROR;
				CLANG_WARN_EMPTY_BODY = YES;
				CLANG_WARN_ENUM_CONVERSION = YES;
				CLANG_WARN_INT_CONVERSION = YES;
				CLANG_WARN_OBJC_ROOT_CLASS = YES_ERROR;
				CLANG_WARN_UNREACHABLE_CODE = YES;
				CLANG_WARN__DUPLICATE_METHOD_MATCH = YES;
				"CODE_SIGN_IDENTITY[sdk=iphoneos*]" = "iPhone Developer";
				COPY_PHASE_STRIP = NO;
				DEBUG_INFORMATION_FORMAT = "dwarf-with-dsym";
				ENABLE_NS_ASSERTIONS = NO;
				ENABLE_STRICT_OBJC_MSGSEND = YES;
				GCC_C_LANGUAGE_STANDARD = gnu99;
				GCC_NO_COMMON_BLOCKS = YES;
				GCC_WARN_64_TO_32_BIT_CONVERSION = YES;
				GCC_WARN_ABOUT_RETURN_TYPE = YES_ERROR;
				GCC_WARN_UNDECLARED_SELECTOR = YES;
				GCC_WARN_UNINITIALIZED_AUTOS = YES_AGGRESSIVE;
				GCC_WARN_UNUSED_FUNCTION = YES;
				GCC_WARN_UNUSED_VARIABLE = YES;
				IPHONEOS_DEPLOYMENT_TARGET = 8.3;
				MTL_ENABLE_DEBUG_INFO = NO;
				SDKROOT = iphoneos;
				VALIDATE_PRODUCT = YES;
			};
			name = Release;
		};
		8B1C98D01B49F00000965D3C /* Debug */ = {
			isa = XCBuildConfiguration;
			buildSettings = {
				ASSETCATALOG_COMPILER_APPICON_NAME = AppIcon;
				INFOPLIST_FILE = RSS/Info.plist;
				LD_RUNPATH_SEARCH_PATHS = "$(inherited) @executable_path/Frameworks";
				PRODUCT_NAME = "$(TARGET_NAME)";
			};
			name = Debug;
		};
		8B1C98D11B49F00000965D3C /* Release */ = {
			isa = XCBuildConfiguration;
			buildSettings = {
				ASSETCATALOG_COMPILER_APPICON_NAME = AppIcon;
				INFOPLIST_FILE = RSS/Info.plist;
				LD_RUNPATH_SEARCH_PATHS = "$(inherited) @executable_path/Frameworks";
				PRODUCT_NAME = "$(TARGET_NAME)";
			};
			name = Release;
		};
		8B1C98D31B49F00000965D3C /* Debug */ = {
			isa = XCBuildConfiguration;
			buildSettings = {
				BUNDLE_LOADER = "$(TEST_HOST)";
				FRAMEWORK_SEARCH_PATHS = (
					"$(SDKROOT)/Developer/Library/Frameworks",
					"$(inherited)",
				);
				GCC_PREPROCESSOR_DEFINITIONS = (
					"DEBUG=1",
					"$(inherited)",
				);
				INFOPLIST_FILE = RSSTests/Info.plist;
				LD_RUNPATH_SEARCH_PATHS = "$(inherited) @executable_path/Frameworks @loader_path/Frameworks";
				PRODUCT_NAME = "$(TARGET_NAME)";
				TEST_HOST = "$(BUILT_PRODUCTS_DIR)/RSS.app/RSS";
			};
			name = Debug;
		};
		8B1C98D41B49F00000965D3C /* Release */ = {
			isa = XCBuildConfiguration;
			buildSettings = {
				BUNDLE_LOADER = "$(TEST_HOST)";
				FRAMEWORK_SEARCH_PATHS = (
					"$(SDKROOT)/Developer/Library/Frameworks",
					"$(inherited)",
				);
				INFOPLIST_FILE = RSSTests/Info.plist;
				LD_RUNPATH_SEARCH_PATHS = "$(inherited) @executable_path/Frameworks @loader_path/Frameworks";
				PRODUCT_NAME = "$(TARGET_NAME)";
				TEST_HOST = "$(BUILT_PRODUCTS_DIR)/RSS.app/RSS";
			};
			name = Release;
		};
/* End XCBuildConfiguration section */

/* Begin XCConfigurationList section */
		8B1C98A81B49EFFE00965D3C /* Build configuration list for PBXProject "RSS" */ = {
			isa = XCConfigurationList;
			buildConfigurations = (
				8B1C98CD1B49F00000965D3C /* Debug */,
				8B1C98CE1B49F00000965D3C /* Release */,
			);
			defaultConfigurationIsVisible = 0;
			defaultConfigurationName = Release;
		};
		8B1C98CF1B49F00000965D3C /* Build configuration list for PBXNativeTarget "RSS" */ = {
			isa = XCConfigurationList;
			buildConfigurations = (
				8B1C98D01B49F00000965D3C /* Debug */,
				8B1C98D11B49F00000965D3C /* Release */,
			);
			defaultConfigurationIsVisible = 0;
		};
		8B1C98D21B49F00000965D3C /* Build configuration list for PBXNativeTarget "RSSTests" */ = {
			isa = XCConfigurationList;
			buildConfigurations = (
				8B1C98D31B49F00000965D3C /* Debug */,
				8B1C98D41B49F00000965D3C /* Release */,
			);
			defaultConfigurationIsVisible = 0;
		};
/* End XCConfigurationList section */

/* Begin XCVersionGroup section */
		8B1C98B41B49EFFE00965D3C /* RSS.xcdatamodeld */ = {
			isa = XCVersionGroup;
			children = (
				8B1C98B51B49EFFE00965D3C /* RSS.xcdatamodel */,
			);
			currentVersion = 8B1C98B51B49EFFE00965D3C /* RSS.xcdatamodel */;
			path = RSS.xcdatamodeld;
			sourceTree = "<group>";
			versionGroupType = wrapper.xcdatamodel;
		};
/* End XCVersionGroup section */
	};
	rootObject = 8B1C98A51B49EFFE00965D3C /* Project object */;
}
